// !$*UTF8*$!
{
	archiveVersion = 1;
	classes = {
	};
	objectVersion = 55;
	objects = {

/* Begin PBXBuildFile section */
		2512E632292D86AA00D37BB8 /* AppDelegate.swift in Sources */ = {isa = PBXBuildFile; fileRef = 2512E631292D86AA00D37BB8 /* AppDelegate.swift */; };
		2512E634292D86AA00D37BB8 /* GameScene.sks in Resources */ = {isa = PBXBuildFile; fileRef = 2512E633292D86AA00D37BB8 /* GameScene.sks */; };
		2512E636292D86AA00D37BB8 /* Actions.sks in Resources */ = {isa = PBXBuildFile; fileRef = 2512E635292D86AA00D37BB8 /* Actions.sks */; };
		2512E638292D86AA00D37BB8 /* GameScene.swift in Sources */ = {isa = PBXBuildFile; fileRef = 2512E637292D86AA00D37BB8 /* GameScene.swift */; };
		2512E63A292D86AA00D37BB8 /* GameViewController.swift in Sources */ = {isa = PBXBuildFile; fileRef = 2512E639292D86AA00D37BB8 /* GameViewController.swift */; };
		2512E63D292D86AA00D37BB8 /* Main.storyboard in Resources */ = {isa = PBXBuildFile; fileRef = 2512E63B292D86AA00D37BB8 /* Main.storyboard */; };
		2512E63F292D86AC00D37BB8 /* Assets.xcassets in Resources */ = {isa = PBXBuildFile; fileRef = 2512E63E292D86AC00D37BB8 /* Assets.xcassets */; };
		2512E642292D86AC00D37BB8 /* LaunchScreen.storyboard in Resources */ = {isa = PBXBuildFile; fileRef = 2512E640292D86AC00D37BB8 /* LaunchScreen.storyboard */; };
		2512E64E292E962600D37BB8 /* LineSegment.swift in Sources */ = {isa = PBXBuildFile; fileRef = 2512E64D292E962600D37BB8 /* LineSegment.swift */; };
		2512E650293C3ECF00D37BB8 /* CGFloat+Extensions.swift in Sources */ = {isa = PBXBuildFile; fileRef = 2512E64F293C3ECF00D37BB8 /* CGFloat+Extensions.swift */; };
		2512E652293C417F00D37BB8 /* Point.swift in Sources */ = {isa = PBXBuildFile; fileRef = 2512E651293C417F00D37BB8 /* Point.swift */; };
/* End PBXBuildFile section */

/* Begin PBXFileReference section */
		2512E62E292D86AA00D37BB8 /* BezierCurves.app */ = {isa = PBXFileReference; explicitFileType = wrapper.application; includeInIndex = 0; path = BezierCurves.app; sourceTree = BUILT_PRODUCTS_DIR; };
		2512E631292D86AA00D37BB8 /* AppDelegate.swift */ = {isa = PBXFileReference; lastKnownFileType = sourcecode.swift; path = AppDelegate.swift; sourceTree = "<group>"; };
		2512E633292D86AA00D37BB8 /* GameScene.sks */ = {isa = PBXFileReference; lastKnownFileType = file.sks; path = GameScene.sks; sourceTree = "<group>"; };
		2512E635292D86AA00D37BB8 /* Actions.sks */ = {isa = PBXFileReference; lastKnownFileType = file.sks; path = Actions.sks; sourceTree = "<group>"; };
		2512E637292D86AA00D37BB8 /* GameScene.swift */ = {isa = PBXFileReference; lastKnownFileType = sourcecode.swift; path = GameScene.swift; sourceTree = "<group>"; };
		2512E639292D86AA00D37BB8 /* GameViewController.swift */ = {isa = PBXFileReference; lastKnownFileType = sourcecode.swift; path = GameViewController.swift; sourceTree = "<group>"; };
		2512E63C292D86AA00D37BB8 /* Base */ = {isa = PBXFileReference; lastKnownFileType = file.storyboard; name = Base; path = Base.lproj/Main.storyboard; sourceTree = "<group>"; };
		2512E63E292D86AC00D37BB8 /* Assets.xcassets */ = {isa = PBXFileReference; lastKnownFileType = folder.assetcatalog; path = Assets.xcassets; sourceTree = "<group>"; };
		2512E641292D86AC00D37BB8 /* Base */ = {isa = PBXFileReference; lastKnownFileType = file.storyboard; name = Base; path = Base.lproj/LaunchScreen.storyboard; sourceTree = "<group>"; };
		2512E64C292E93D300D37BB8 /* BezierCurves.entitlements */ = {isa = PBXFileReference; lastKnownFileType = text.plist.entitlements; path = BezierCurves.entitlements; sourceTree = "<group>"; };
		2512E64D292E962600D37BB8 /* LineSegment.swift */ = {isa = PBXFileReference; lastKnownFileType = sourcecode.swift; path = LineSegment.swift; sourceTree = "<group>"; };
		2512E64F293C3ECF00D37BB8 /* CGFloat+Extensions.swift */ = {isa = PBXFileReference; lastKnownFileType = sourcecode.swift; path = "CGFloat+Extensions.swift"; sourceTree = "<group>"; };
		2512E651293C417F00D37BB8 /* Point.swift */ = {isa = PBXFileReference; lastKnownFileType = sourcecode.swift; path = Point.swift; sourceTree = "<group>"; };
/* End PBXFileReference section */

/* Begin PBXFrameworksBuildPhase section */
		2512E62B292D86AA00D37BB8 /* Frameworks */ = {
			isa = PBXFrameworksBuildPhase;
			buildActionMask = 2147483647;
			files = (
			);
			runOnlyForDeploymentPostprocessing = 0;
		};
/* End PBXFrameworksBuildPhase section */

/* Begin PBXGroup section */
		2512E625292D86AA00D37BB8 = {
			isa = PBXGroup;
			children = (
				2512E630292D86AA00D37BB8 /* BezierCurves */,
				2512E62F292D86AA00D37BB8 /* Products */,
			);
			sourceTree = "<group>";
		};
		2512E62F292D86AA00D37BB8 /* Products */ = {
			isa = PBXGroup;
			children = (
				2512E62E292D86AA00D37BB8 /* BezierCurves.app */,
			);
			name = Products;
			sourceTree = "<group>";
		};
		2512E630292D86AA00D37BB8 /* BezierCurves */ = {
			isa = PBXGroup;
			children = (
				2512E64C292E93D300D37BB8 /* BezierCurves.entitlements */,
				2512E64B292E8E7F00D37BB8 /* Code */,
				2512E64A292E8E7100D37BB8 /* Assets */,
			);
			path = BezierCurves;
			sourceTree = "<group>";
		};
		2512E648292E8E4100D37BB8 /* Scenes */ = {
			isa = PBXGroup;
			children = (
				2512E635292D86AA00D37BB8 /* Actions.sks */,
				2512E633292D86AA00D37BB8 /* GameScene.sks */,
			);
			path = Scenes;
			sourceTree = "<group>";
		};
		2512E649292E8E6100D37BB8 /* Storyboards */ = {
			isa = PBXGroup;
			children = (
				2512E640292D86AC00D37BB8 /* LaunchScreen.storyboard */,
				2512E63B292D86AA00D37BB8 /* Main.storyboard */,
			);
			path = Storyboards;
			sourceTree = "<group>";
		};
		2512E64A292E8E7100D37BB8 /* Assets */ = {
			isa = PBXGroup;
			children = (
				2512E63E292D86AC00D37BB8 /* Assets.xcassets */,
				2512E648292E8E4100D37BB8 /* Scenes */,
				2512E649292E8E6100D37BB8 /* Storyboards */,
			);
			path = Assets;
			sourceTree = "<group>";
		};
		2512E64B292E8E7F00D37BB8 /* Code */ = {
			isa = PBXGroup;
			children = (
				2512E631292D86AA00D37BB8 /* AppDelegate.swift */,
				2512E64F293C3ECF00D37BB8 /* CGFloat+Extensions.swift */,
				2512E637292D86AA00D37BB8 /* GameScene.swift */,
				2512E639292D86AA00D37BB8 /* GameViewController.swift */,
				2512E64D292E962600D37BB8 /* LineSegment.swift */,
				2512E651293C417F00D37BB8 /* Point.swift */,
			);
			path = Code;
			sourceTree = "<group>";
		};
/* End PBXGroup section */

/* Begin PBXNativeTarget section */
		2512E62D292D86AA00D37BB8 /* BezierCurves */ = {
			isa = PBXNativeTarget;
			buildConfigurationList = 2512E645292D86AC00D37BB8 /* Build configuration list for PBXNativeTarget "BezierCurves" */;
			buildPhases = (
				2512E62A292D86AA00D37BB8 /* Sources */,
				2512E62B292D86AA00D37BB8 /* Frameworks */,
				2512E62C292D86AA00D37BB8 /* Resources */,
			);
			buildRules = (
			);
			dependencies = (
			);
			name = BezierCurves;
			productName = BezierCurves;
			productReference = 2512E62E292D86AA00D37BB8 /* BezierCurves.app */;
			productType = "com.apple.product-type.application";
		};
/* End PBXNativeTarget section */

/* Begin PBXProject section */
		2512E626292D86AA00D37BB8 /* Project object */ = {
			isa = PBXProject;
			attributes = {
				BuildIndependentTargetsInParallel = 1;
				LastSwiftUpdateCheck = 1340;
				LastUpgradeCheck = 1340;
				TargetAttributes = {
					2512E62D292D86AA00D37BB8 = {
						CreatedOnToolsVersion = 13.4.1;
					};
				};
			};
			buildConfigurationList = 2512E629292D86AA00D37BB8 /* Build configuration list for PBXProject "BezierCurves" */;
			compatibilityVersion = "Xcode 13.0";
			developmentRegion = en;
			hasScannedForEncodings = 0;
			knownRegions = (
				en,
				Base,
			);
			mainGroup = 2512E625292D86AA00D37BB8;
			productRefGroup = 2512E62F292D86AA00D37BB8 /* Products */;
			projectDirPath = "";
			projectRoot = "";
			targets = (
				2512E62D292D86AA00D37BB8 /* BezierCurves */,
			);
		};
/* End PBXProject section */

/* Begin PBXResourcesBuildPhase section */
		2512E62C292D86AA00D37BB8 /* Resources */ = {
			isa = PBXResourcesBuildPhase;
			buildActionMask = 2147483647;
			files = (
				2512E63D292D86AA00D37BB8 /* Main.storyboard in Resources */,
				2512E634292D86AA00D37BB8 /* GameScene.sks in Resources */,
				2512E63F292D86AC00D37BB8 /* Assets.xcassets in Resources */,
				2512E642292D86AC00D37BB8 /* LaunchScreen.storyboard in Resources */,
				2512E636292D86AA00D37BB8 /* Actions.sks in Resources */,
			);
			runOnlyForDeploymentPostprocessing = 0;
		};
/* End PBXResourcesBuildPhase section */

/* Begin PBXSourcesBuildPhase section */
		2512E62A292D86AA00D37BB8 /* Sources */ = {
			isa = PBXSourcesBuildPhase;
			buildActionMask = 2147483647;
			files = (
				2512E638292D86AA00D37BB8 /* GameScene.swift in Sources */,
				2512E650293C3ECF00D37BB8 /* CGFloat+Extensions.swift in Sources */,
				2512E652293C417F00D37BB8 /* Point.swift in Sources */,
				2512E63A292D86AA00D37BB8 /* GameViewController.swift in Sources */,
				2512E632292D86AA00D37BB8 /* AppDelegate.swift in Sources */,
				2512E64E292E962600D37BB8 /* LineSegment.swift in Sources */,
			);
			runOnlyForDeploymentPostprocessing = 0;
		};
/* End PBXSourcesBuildPhase section */

/* Begin PBXVariantGroup section */
		2512E63B292D86AA00D37BB8 /* Main.storyboard */ = {
			isa = PBXVariantGroup;
			children = (
				2512E63C292D86AA00D37BB8 /* Base */,
			);
			name = Main.storyboard;
			sourceTree = "<group>";
		};
		2512E640292D86AC00D37BB8 /* LaunchScreen.storyboard */ = {
			isa = PBXVariantGroup;
			children = (
				2512E641292D86AC00D37BB8 /* Base */,
			);
			name = LaunchScreen.storyboard;
			sourceTree = "<group>";
		};
/* End PBXVariantGroup section */

/* Begin XCBuildConfiguration section */
		2512E643292D86AC00D37BB8 /* Debug */ = {
			isa = XCBuildConfiguration;
			buildSettings = {
				ALWAYS_SEARCH_USER_PATHS = NO;
				CLANG_ANALYZER_NONNULL = YES;
				CLANG_ANALYZER_NUMBER_OBJECT_CONVERSION = YES_AGGRESSIVE;
				CLANG_CXX_LANGUAGE_STANDARD = "gnu++17";
				CLANG_ENABLE_MODULES = YES;
				CLANG_ENABLE_OBJC_ARC = YES;
				CLANG_ENABLE_OBJC_WEAK = YES;
				CLANG_WARN_BLOCK_CAPTURE_AUTORELEASING = YES;
				CLANG_WARN_BOOL_CONVERSION = YES;
				CLANG_WARN_COMMA = YES;
				CLANG_WARN_CONSTANT_CONVERSION = YES;
				CLANG_WARN_DEPRECATED_OBJC_IMPLEMENTATIONS = YES;
				CLANG_WARN_DIRECT_OBJC_ISA_USAGE = YES_ERROR;
				CLANG_WARN_DOCUMENTATION_COMMENTS = YES;
				CLANG_WARN_EMPTY_BODY = YES;
				CLANG_WARN_ENUM_CONVERSION = YES;
				CLANG_WARN_INFINITE_RECURSION = YES;
				CLANG_WARN_INT_CONVERSION = YES;
				CLANG_WARN_NON_LITERAL_NULL_CONVERSION = YES;
				CLANG_WARN_OBJC_IMPLICIT_RETAIN_SELF = YES;
				CLANG_WARN_OBJC_LITERAL_CONVERSION = YES;
				CLANG_WARN_OBJC_ROOT_CLASS = YES_ERROR;
				CLANG_WARN_QUOTED_INCLUDE_IN_FRAMEWORK_HEADER = YES;
				CLANG_WARN_RANGE_LOOP_ANALYSIS = YES;
				CLANG_WARN_STRICT_PROTOTYPES = YES;
				CLANG_WARN_SUSPICIOUS_MOVE = YES;
				CLANG_WARN_UNGUARDED_AVAILABILITY = YES_AGGRESSIVE;
				CLANG_WARN_UNREACHABLE_CODE = YES;
				CLANG_WARN__DUPLICATE_METHOD_MATCH = YES;
				COPY_PHASE_STRIP = NO;
				DEBUG_INFORMATION_FORMAT = dwarf;
				ENABLE_STRICT_OBJC_MSGSEND = YES;
				ENABLE_TESTABILITY = YES;
				GCC_C_LANGUAGE_STANDARD = gnu11;
				GCC_DYNAMIC_NO_PIC = NO;
				GCC_NO_COMMON_BLOCKS = YES;
				GCC_OPTIMIZATION_LEVEL = 0;
				GCC_PREPROCESSOR_DEFINITIONS = (
					"DEBUG=1",
					"$(inherited)",
				);
				GCC_WARN_64_TO_32_BIT_CONVERSION = YES;
				GCC_WARN_ABOUT_RETURN_TYPE = YES_ERROR;
				GCC_WARN_UNDECLARED_SELECTOR = YES;
				GCC_WARN_UNINITIALIZED_AUTOS = YES_AGGRESSIVE;
				GCC_WARN_UNUSED_FUNCTION = YES;
				GCC_WARN_UNUSED_VARIABLE = YES;
				IPHONEOS_DEPLOYMENT_TARGET = 15.5;
				MTL_ENABLE_DEBUG_INFO = INCLUDE_SOURCE;
				MTL_FAST_MATH = YES;
				ONLY_ACTIVE_ARCH = YES;
				SDKROOT = iphoneos;
				SWIFT_ACTIVE_COMPILATION_CONDITIONS = DEBUG;
				SWIFT_OPTIMIZATION_LEVEL = "-Onone";
			};
			name = Debug;
		};
		2512E644292D86AC00D37BB8 /* Release */ = {
			isa = XCBuildConfiguration;
			buildSettings = {
				ALWAYS_SEARCH_USER_PATHS = NO;
				CLANG_ANALYZER_NONNULL = YES;
				CLANG_ANALYZER_NUMBER_OBJECT_CONVERSION = YES_AGGRESSIVE;
				CLANG_CXX_LANGUAGE_STANDARD = "gnu++17";
				CLANG_ENABLE_MODULES = YES;
				CLANG_ENABLE_OBJC_ARC = YES;
				CLANG_ENABLE_OBJC_WEAK = YES;
				CLANG_WARN_BLOCK_CAPTURE_AUTORELEASING = YES;
				CLANG_WARN_BOOL_CONVERSION = YES;
				CLANG_WARN_COMMA = YES;
				CLANG_WARN_CONSTANT_CONVERSION = YES;
				CLANG_WARN_DEPRECATED_OBJC_IMPLEMENTATIONS = YES;
				CLANG_WARN_DIRECT_OBJC_ISA_USAGE = YES_ERROR;
				CLANG_WARN_DOCUMENTATION_COMMENTS = YES;
				CLANG_WARN_EMPTY_BODY = YES;
				CLANG_WARN_ENUM_CONVERSION = YES;
				CLANG_WARN_INFINITE_RECURSION = YES;
				CLANG_WARN_INT_CONVERSION = YES;
				CLANG_WARN_NON_LITERAL_NULL_CONVERSION = YES;
				CLANG_WARN_OBJC_IMPLICIT_RETAIN_SELF = YES;
				CLANG_WARN_OBJC_LITERAL_CONVERSION = YES;
				CLANG_WARN_OBJC_ROOT_CLASS = YES_ERROR;
				CLANG_WARN_QUOTED_INCLUDE_IN_FRAMEWORK_HEADER = YES;
				CLANG_WARN_RANGE_LOOP_ANALYSIS = YES;
				CLANG_WARN_STRICT_PROTOTYPES = YES;
				CLANG_WARN_SUSPICIOUS_MOVE = YES;
				CLANG_WARN_UNGUARDED_AVAILABILITY = YES_AGGRESSIVE;
				CLANG_WARN_UNREACHABLE_CODE = YES;
				CLANG_WARN__DUPLICATE_METHOD_MATCH = YES;
				COPY_PHASE_STRIP = NO;
				DEBUG_INFORMATION_FORMAT = "dwarf-with-dsym";
				ENABLE_NS_ASSERTIONS = NO;
				ENABLE_STRICT_OBJC_MSGSEND = YES;
				GCC_C_LANGUAGE_STANDARD = gnu11;
				GCC_NO_COMMON_BLOCKS = YES;
				GCC_WARN_64_TO_32_BIT_CONVERSION = YES;
				GCC_WARN_ABOUT_RETURN_TYPE = YES_ERROR;
				GCC_WARN_UNDECLARED_SELECTOR = YES;
				GCC_WARN_UNINITIALIZED_AUTOS = YES_AGGRESSIVE;
				GCC_WARN_UNUSED_FUNCTION = YES;
				GCC_WARN_UNUSED_VARIABLE = YES;
				IPHONEOS_DEPLOYMENT_TARGET = 15.5;
				MTL_ENABLE_DEBUG_INFO = NO;
				MTL_FAST_MATH = YES;
				SDKROOT = iphoneos;
				SWIFT_COMPILATION_MODE = wholemodule;
				SWIFT_OPTIMIZATION_LEVEL = "-O";
				VALIDATE_PRODUCT = YES;
			};
			name = Release;
		};
		2512E646292D86AC00D37BB8 /* Debug */ = {
			isa = XCBuildConfiguration;
			buildSettings = {
				ASSETCATALOG_COMPILER_APPICON_NAME = AppIcon;
				ASSETCATALOG_COMPILER_GLOBAL_ACCENT_COLOR_NAME = AccentColor;
				CODE_SIGN_ENTITLEMENTS = BezierCurves/BezierCurves.entitlements;
				CODE_SIGN_STYLE = Automatic;
				CURRENT_PROJECT_VERSION = 1;
				DEVELOPMENT_TEAM = 8A95XP7RAN;
				GENERATE_INFOPLIST_FILE = YES;
				INFOPLIST_KEY_UIApplicationSupportsIndirectInputEvents = YES;
				INFOPLIST_KEY_UILaunchStoryboardName = LaunchScreen;
				INFOPLIST_KEY_UIMainStoryboardFile = Main;
				INFOPLIST_KEY_UIStatusBarHidden = YES;
				INFOPLIST_KEY_UISupportedInterfaceOrientations_iPad = "UIInterfaceOrientationLandscapeLeft UIInterfaceOrientationLandscapeRight";
				INFOPLIST_KEY_UISupportedInterfaceOrientations_iPhone = "UIInterfaceOrientationPortrait UIInterfaceOrientationLandscapeLeft UIInterfaceOrientationLandscapeRight";
				LD_RUNPATH_SEARCH_PATHS = (
					"$(inherited)",
					"@executable_path/Frameworks",
				);
				MARKETING_VERSION = 1.0;
				PRODUCT_BUNDLE_IDENTIFIER = JeremyConkin.BezierCurves;
				PRODUCT_NAME = "$(TARGET_NAME)";
				SUPPORTS_MACCATALYST = YES;
				SUPPORTS_MAC_DESIGNED_FOR_IPHONE_IPAD = NO;
				SWIFT_EMIT_LOC_STRINGS = YES;
				SWIFT_VERSION = 5.0;
				TARGETED_DEVICE_FAMILY = "2,6";
			};
			name = Debug;
		};
		2512E647292D86AC00D37BB8 /* Release */ = {
			isa = XCBuildConfiguration;
			buildSettings = {
				ASSETCATALOG_COMPILER_APPICON_NAME = AppIcon;
				ASSETCATALOG_COMPILER_GLOBAL_ACCENT_COLOR_NAME = AccentColor;
				CODE_SIGN_ENTITLEMENTS = BezierCurves/BezierCurves.entitlements;
				CODE_SIGN_STYLE = Automatic;
				CURRENT_PROJECT_VERSION = 1;
				DEVELOPMENT_TEAM = 8A95XP7RAN;
				GENERATE_INFOPLIST_FILE = YES;
				INFOPLIST_KEY_UIApplicationSupportsIndirectInputEvents = YES;
				INFOPLIST_KEY_UILaunchStoryboardName = LaunchScreen;
				INFOPLIST_KEY_UIMainStoryboardFile = Main;
				INFOPLIST_KEY_UIStatusBarHidden = YES;
				INFOPLIST_KEY_UISupportedInterfaceOrientations_iPad = "UIInterfaceOrientationLandscapeLeft UIInterfaceOrientationLandscapeRight";
				INFOPLIST_KEY_UISupportedInterfaceOrientations_iPhone = "UIInterfaceOrientationPortrait UIInterfaceOrientationLandscapeLeft UIInterfaceOrientationLandscapeRight";
				LD_RUNPATH_SEARCH_PATHS = (
					"$(inherited)",
					"@executable_path/Frameworks",
				);
				MARKETING_VERSION = 1.0;
				PRODUCT_BUNDLE_IDENTIFIER = JeremyConkin.BezierCurves;
				PRODUCT_NAME = "$(TARGET_NAME)";
				SUPPORTS_MACCATALYST = YES;
				SUPPORTS_MAC_DESIGNED_FOR_IPHONE_IPAD = NO;
				SWIFT_EMIT_LOC_STRINGS = YES;
				SWIFT_VERSION = 5.0;
				TARGETED_DEVICE_FAMILY = "2,6";
			};
			name = Release;
		};
/* End XCBuildConfiguration section */

/* Begin XCConfigurationList section */
		2512E629292D86AA00D37BB8 /* Build configuration list for PBXProject "BezierCurves" */ = {
			isa = XCConfigurationList;
			buildConfigurations = (
				2512E643292D86AC00D37BB8 /* Debug */,
				2512E644292D86AC00D37BB8 /* Release */,
			);
			defaultConfigurationIsVisible = 0;
			defaultConfigurationName = Release;
		};
		2512E645292D86AC00D37BB8 /* Build configuration list for PBXNativeTarget "BezierCurves" */ = {
			isa = XCConfigurationList;
			buildConfigurations = (
				2512E646292D86AC00D37BB8 /* Debug */,
				2512E647292D86AC00D37BB8 /* Release */,
			);
			defaultConfigurationIsVisible = 0;
			defaultConfigurationName = Release;
		};
/* End XCConfigurationList section */
	};
	rootObject = 2512E626292D86AA00D37BB8 /* Project object */;
}
